
Microsoft Visual Studio Solution File, Format Version 12.00
# Visual Studio 14
VisualStudioVersion = 14.0.25420.1
MinimumVisualStudioVersion = 10.0.40219.1
Project("{FAE04EC0-301F-11D3-BF4B-00C04F79EFBC}") = "Labb13", "Labb13\Labb13.csproj", "{B00177A9-940F-481D-8D18-7A180EF46EDF}"
EndProject
Global
	GlobalSection(SolutionConfigurationPlatforms) = preSolution
		Debug|Any CPU = Debug|Any CPU
		Release|Any CPU = Release|Any CPU
	EndGlobalSection
	GlobalSection(ProjectConfigurationPlatforms) = postSolution
		{B00177A9-940F-481D-8D18-7A180EF46EDF}.Debug|Any CPU.ActiveCfg = Debug|Any CPU
		{B00177A9-940F-481D-8D18-7A180EF46EDF}.Debug|Any CPU.Build.0 = Debug|Any CPU
		{B00177A9-940F-481D-8D18-7A180EF46EDF}.Release|Any CPU.ActiveCfg = Release|Any CPU
		{B00177A9-940F-481D-8D18-7A180EF46EDF}.Release|Any CPU.Build.0 = Release|Any CPU
	EndGlobalSection
	GlobalSection(SolutionProperties) = preSolution
		HideSolutionNode = FALSE
	EndGlobalSection
EndGlobal
